
Microsoft Visual Studio Solution File, Format Version 12.00
# Visual Studio Version 16
VisualStudioVersion = 16.0.31205.134
MinimumVisualStudioVersion = 10.0.40219.1
Project("{9A19103F-16F7-4668-BE54-9A1E7A4F7556}") = "MsTest", "MsTest\MsTest.csproj", "{B9069BF7-ADA9-4DAD-8BB5-2057E8B2917B}"
EndProject
Project("{FAE04EC0-301F-11D3-BF4B-00C04F79EFBC}") = "SocketTest", "SocketTest\SocketTest.csproj", "{F405A048-00B2-495C-939A-4BA2253F958F}"
EndProject
Global
	GlobalSection(SolutionConfigurationPlatforms) = preSolution
		Debug|Any CPU = Debug|Any CPU
		Release|Any CPU = Release|Any CPU
	EndGlobalSection
	GlobalSection(ProjectConfigurationPlatforms) = postSolution
		{B9069BF7-ADA9-4DAD-8BB5-2057E8B2917B}.Debug|Any CPU.ActiveCfg = Debug|Any CPU
		{B9069BF7-ADA9-4DAD-8BB5-2057E8B2917B}.Debug|Any CPU.Build.0 = Debug|Any CPU
		{B9069BF7-ADA9-4DAD-8BB5-2057E8B2917B}.Release|Any CPU.ActiveCfg = Release|Any CPU
		{B9069BF7-ADA9-4DAD-8BB5-2057E8B2917B}.Release|Any CPU.Build.0 = Release|Any CPU
		{F405A048-00B2-495C-939A-4BA2253F958F}.Debug|Any CPU.ActiveCfg = Debug|Any CPU
		{F405A048-00B2-495C-939A-4BA2253F958F}.Debug|Any CPU.Build.0 = Debug|Any CPU
		{F405A048-00B2-495C-939A-4BA2253F958F}.Release|Any CPU.ActiveCfg = Release|Any CPU
		{F405A048-00B2-495C-939A-4BA2253F958F}.Release|Any CPU.Build.0 = Release|Any CPU
	EndGlobalSection
	GlobalSection(SolutionProperties) = preSolution
		HideSolutionNode = FALSE
	EndGlobalSection
	GlobalSection(ExtensibilityGlobals) = postSolution
		SolutionGuid = {5D2389EC-704B-4752-B1E6-D344985BE507}
	EndGlobalSection
EndGlobal
