
Microsoft Visual Studio Solution File, Format Version 12.00
# Visual Studio Version 16
VisualStudioVersion = 16.0.31229.75
MinimumVisualStudioVersion = 10.0.40219.1
Project("{9A19103F-16F7-4668-BE54-9A1E7A4F7556}") = "CustomPipelines", "CustomPipelines\CustomPipelines.csproj", "{F58932CC-9E0B-47B9-BBD3-ADE8F50BE46F}"
EndProject
Project("{FAE04EC0-301F-11D3-BF4B-00C04F79EFBC}") = "CustomPipelinesTest", "CustomPipelinesTest\CustomPipelinesTest.csproj", "{5DDC4288-2AD4-4A35-8FC0-460A43D2306E}"
EndProject
Global
	GlobalSection(SolutionConfigurationPlatforms) = preSolution
		Debug|Any CPU = Debug|Any CPU
		Release|Any CPU = Release|Any CPU
	EndGlobalSection
	GlobalSection(ProjectConfigurationPlatforms) = postSolution
		{F58932CC-9E0B-47B9-BBD3-ADE8F50BE46F}.Debug|Any CPU.ActiveCfg = Debug|Any CPU
		{F58932CC-9E0B-47B9-BBD3-ADE8F50BE46F}.Debug|Any CPU.Build.0 = Debug|Any CPU
		{F58932CC-9E0B-47B9-BBD3-ADE8F50BE46F}.Release|Any CPU.ActiveCfg = Release|Any CPU
		{F58932CC-9E0B-47B9-BBD3-ADE8F50BE46F}.Release|Any CPU.Build.0 = Release|Any CPU
		{5DDC4288-2AD4-4A35-8FC0-460A43D2306E}.Debug|Any CPU.ActiveCfg = Debug|Any CPU
		{5DDC4288-2AD4-4A35-8FC0-460A43D2306E}.Debug|Any CPU.Build.0 = Debug|Any CPU
		{5DDC4288-2AD4-4A35-8FC0-460A43D2306E}.Release|Any CPU.ActiveCfg = Release|Any CPU
		{5DDC4288-2AD4-4A35-8FC0-460A43D2306E}.Release|Any CPU.Build.0 = Release|Any CPU
	EndGlobalSection
	GlobalSection(SolutionProperties) = preSolution
		HideSolutionNode = FALSE
	EndGlobalSection
	GlobalSection(ExtensibilityGlobals) = postSolution
		SolutionGuid = {60C7324F-FBC3-428B-9DC2-BE77735F0572}
	EndGlobalSection
EndGlobal
